// !$*UTF8*$!
{
	archiveVersion = 1;
	classes = {
	};
	objectVersion = 46;
	objects = {

/* Begin PBXBuildFile section */
		1B093A5B1CF63E1A001B8500 /* AppDelegate.swift in Sources */ = {isa = PBXBuildFile; fileRef = 1B093A5A1CF63E1A001B8500 /* AppDelegate.swift */; };
		1B093A5F1CF63E1A001B8500 /* Assets.xcassets in Resources */ = {isa = PBXBuildFile; fileRef = 1B093A5E1CF63E1A001B8500 /* Assets.xcassets */; };
		1B093A621CF63E1A001B8500 /* Main.storyboard in Resources */ = {isa = PBXBuildFile; fileRef = 1B093A601CF63E1A001B8500 /* Main.storyboard */; };
		1B2567F11CF6F59E005D909C /* PowerService.swift in Sources */ = {isa = PBXBuildFile; fileRef = 1B2567F01CF6F59E005D909C /* PowerService.swift */; };
		1B2567F31CF71862005D909C /* Preferences.swift in Sources */ = {isa = PBXBuildFile; fileRef = 1B2567F21CF71862005D909C /* Preferences.swift */; };
		1B2567F71CF7343F005D909C /* MouseService.swift in Sources */ = {isa = PBXBuildFile; fileRef = 1B2567F61CF7343F005D909C /* MouseService.swift */; };
		1B2672CB1D5E4ED700A92DC5 /* MousePreferencesViewController.swift in Sources */ = {isa = PBXBuildFile; fileRef = 1B2672CA1D5E4ED700A92DC5 /* MousePreferencesViewController.swift */; };
		1B5A3F151D634DC6009752A6 /* EventTracker.swift in Sources */ = {isa = PBXBuildFile; fileRef = 1B5A3F141D634DC6009752A6 /* EventTracker.swift */; };
		1B5A3F171D637453009752A6 /* ServicesManager.swift in Sources */ = {isa = PBXBuildFile; fileRef = 1B5A3F161D637453009752A6 /* ServicesManager.swift */; };
		1B90022B1CF81D86004462CF /* TimeCounter.swift in Sources */ = {isa = PBXBuildFile; fileRef = 1B90022A1CF81D86004462CF /* TimeCounter.swift */; };
		1B927F461D5E3D5E00C7F69B /* GeneralPreferencesViewController.swift in Sources */ = {isa = PBXBuildFile; fileRef = 1B927F451D5E3D5E00C7F69B /* GeneralPreferencesViewController.swift */; };
		1BE5BC0A1D3CF10400C7DA46 /* NotificationManager.swift in Sources */ = {isa = PBXBuildFile; fileRef = 1BE5BC091D3CF10400C7DA46 /* NotificationManager.swift */; };
		1BFB8A111D622D6D00C8AAC8 /* VirtualMouse.m in Sources */ = {isa = PBXBuildFile; fileRef = 1BFB8A101D622D6D00C8AAC8 /* VirtualMouse.m */; };
		1BFB8A151D62450600C8AAC8 /* PreferencesTabViewController.swift in Sources */ = {isa = PBXBuildFile; fileRef = 1BFB8A141D62450600C8AAC8 /* PreferencesTabViewController.swift */; };
/* End PBXBuildFile section */

/* Begin PBXFileReference section */
		1B093A571CF63E1A001B8500 /* TimeFree.app */ = {isa = PBXFileReference; explicitFileType = wrapper.application; includeInIndex = 0; path = TimeFree.app; sourceTree = BUILT_PRODUCTS_DIR; };
		1B093A5A1CF63E1A001B8500 /* AppDelegate.swift */ = {isa = PBXFileReference; lastKnownFileType = sourcecode.swift; path = AppDelegate.swift; sourceTree = "<group>"; };
		1B093A5E1CF63E1A001B8500 /* Assets.xcassets */ = {isa = PBXFileReference; lastKnownFileType = folder.assetcatalog; path = Assets.xcassets; sourceTree = "<group>"; };
		1B093A611CF63E1A001B8500 /* Base */ = {isa = PBXFileReference; lastKnownFileType = file.storyboard; name = Base; path = Base.lproj/Main.storyboard; sourceTree = "<group>"; };
		1B093A631CF63E1A001B8500 /* Info.plist */ = {isa = PBXFileReference; lastKnownFileType = text.plist.xml; path = Info.plist; sourceTree = "<group>"; };
		1B2567F01CF6F59E005D909C /* PowerService.swift */ = {isa = PBXFileReference; fileEncoding = 4; lastKnownFileType = sourcecode.swift; path = PowerService.swift; sourceTree = "<group>"; };
		1B2567F21CF71862005D909C /* Preferences.swift */ = {isa = PBXFileReference; fileEncoding = 4; lastKnownFileType = sourcecode.swift; path = Preferences.swift; sourceTree = "<group>"; };
		1B2567F61CF7343F005D909C /* MouseService.swift */ = {isa = PBXFileReference; fileEncoding = 4; lastKnownFileType = sourcecode.swift; path = MouseService.swift; sourceTree = "<group>"; };
		1B2672CA1D5E4ED700A92DC5 /* MousePreferencesViewController.swift */ = {isa = PBXFileReference; fileEncoding = 4; lastKnownFileType = sourcecode.swift; path = MousePreferencesViewController.swift; sourceTree = "<group>"; };
		1B5A3F141D634DC6009752A6 /* EventTracker.swift */ = {isa = PBXFileReference; fileEncoding = 4; lastKnownFileType = sourcecode.swift; path = EventTracker.swift; sourceTree = "<group>"; };
		1B5A3F161D637453009752A6 /* ServicesManager.swift */ = {isa = PBXFileReference; fileEncoding = 4; lastKnownFileType = sourcecode.swift; path = ServicesManager.swift; sourceTree = "<group>"; };
		1B87EAF31D354D4A00D2BD9B /* TimeFree.entitlements */ = {isa = PBXFileReference; lastKnownFileType = text.xml; path = TimeFree.entitlements; sourceTree = "<group>"; };
		1B90022A1CF81D86004462CF /* TimeCounter.swift */ = {isa = PBXFileReference; fileEncoding = 4; lastKnownFileType = sourcecode.swift; path = TimeCounter.swift; sourceTree = "<group>"; };
		1B927F451D5E3D5E00C7F69B /* GeneralPreferencesViewController.swift */ = {isa = PBXFileReference; fileEncoding = 4; lastKnownFileType = sourcecode.swift; path = GeneralPreferencesViewController.swift; sourceTree = "<group>"; };
		1BE5BC091D3CF10400C7DA46 /* NotificationManager.swift */ = {isa = PBXFileReference; fileEncoding = 4; lastKnownFileType = sourcecode.swift; path = NotificationManager.swift; sourceTree = "<group>"; };
		1BFB8A0B1D622C9700C8AAC8 /* TimeFree-Bridging-Header.h */ = {isa = PBXFileReference; lastKnownFileType = sourcecode.c.h; path = "TimeFree-Bridging-Header.h"; sourceTree = "<group>"; };
		1BFB8A0F1D622D6D00C8AAC8 /* VirtualMouse.h */ = {isa = PBXFileReference; fileEncoding = 4; lastKnownFileType = sourcecode.c.h; path = VirtualMouse.h; sourceTree = "<group>"; };
		1BFB8A101D622D6D00C8AAC8 /* VirtualMouse.m */ = {isa = PBXFileReference; fileEncoding = 4; lastKnownFileType = sourcecode.c.objc; path = VirtualMouse.m; sourceTree = "<group>"; };
		1BFB8A141D62450600C8AAC8 /* PreferencesTabViewController.swift */ = {isa = PBXFileReference; fileEncoding = 4; lastKnownFileType = sourcecode.swift; path = PreferencesTabViewController.swift; sourceTree = "<group>"; };
/* End PBXFileReference section */

/* Begin PBXFrameworksBuildPhase section */
		1B093A541CF63E1A001B8500 /* Frameworks */ = {
			isa = PBXFrameworksBuildPhase;
			buildActionMask = 2147483647;
			files = (
			);
			runOnlyForDeploymentPostprocessing = 0;
		};
/* End PBXFrameworksBuildPhase section */

/* Begin PBXGroup section */
		1B093A4E1CF63E1A001B8500 = {
			isa = PBXGroup;
			children = (
				1B093A591CF63E1A001B8500 /* TimeFree */,
				1B093A581CF63E1A001B8500 /* Products */,
			);
			sourceTree = "<group>";
		};
		1B093A581CF63E1A001B8500 /* Products */ = {
			isa = PBXGroup;
			children = (
				1B093A571CF63E1A001B8500 /* TimeFree.app */,
			);
			name = Products;
			sourceTree = "<group>";
		};
		1B093A591CF63E1A001B8500 /* TimeFree */ = {
			isa = PBXGroup;
			children = (
				1B093A5A1CF63E1A001B8500 /* AppDelegate.swift */,
				1B5A3F161D637453009752A6 /* ServicesManager.swift */,
				1B90022A1CF81D86004462CF /* TimeCounter.swift */,
				1B2567F01CF6F59E005D909C /* PowerService.swift */,
				1B2567F61CF7343F005D909C /* MouseService.swift */,
				1B5A3F141D634DC6009752A6 /* EventTracker.swift */,
				1B2567F21CF71862005D909C /* Preferences.swift */,
				1BE5BC091D3CF10400C7DA46 /* NotificationManager.swift */,
				1BFB8A141D62450600C8AAC8 /* PreferencesTabViewController.swift */,
				1B927F451D5E3D5E00C7F69B /* GeneralPreferencesViewController.swift */,
				1B2672CA1D5E4ED700A92DC5 /* MousePreferencesViewController.swift */,
				1BFB8A0F1D622D6D00C8AAC8 /* VirtualMouse.h */,
				1BFB8A101D622D6D00C8AAC8 /* VirtualMouse.m */,
				1BFB8A0B1D622C9700C8AAC8 /* TimeFree-Bridging-Header.h */,
				1B093A5E1CF63E1A001B8500 /* Assets.xcassets */,
				1B093A601CF63E1A001B8500 /* Main.storyboard */,
				1B093A631CF63E1A001B8500 /* Info.plist */,
				1B87EAF31D354D4A00D2BD9B /* TimeFree.entitlements */,
			);
			path = TimeFree;
			sourceTree = "<group>";
		};
/* End PBXGroup section */

/* Begin PBXNativeTarget section */
		1B093A561CF63E1A001B8500 /* TimeFree */ = {
			isa = PBXNativeTarget;
			buildConfigurationList = 1B093A661CF63E1A001B8500 /* Build configuration list for PBXNativeTarget "TimeFree" */;
			buildPhases = (
				1B093A531CF63E1A001B8500 /* Sources */,
				1B093A541CF63E1A001B8500 /* Frameworks */,
				1B093A551CF63E1A001B8500 /* Resources */,
			);
			buildRules = (
			);
			dependencies = (
			);
			name = TimeFree;
			productName = TimeFree;
			productReference = 1B093A571CF63E1A001B8500 /* TimeFree.app */;
			productType = "com.apple.product-type.application";
		};
/* End PBXNativeTarget section */

/* Begin PBXProject section */
		1B093A4F1CF63E1A001B8500 /* Project object */ = {
			isa = PBXProject;
			attributes = {
				LastSwiftUpdateCheck = 0800;
				LastUpgradeCheck = 0800;
				ORGANIZATIONNAME = "Oleksii Naboichenko";
				TargetAttributes = {
					1B093A561CF63E1A001B8500 = {
						CreatedOnToolsVersion = 7.3.1;
						DevelopmentTeam = PVDZWY67J6;
						DevelopmentTeamName = "Mobile Monday";
						LastSwiftMigration = 0800;
						ProvisioningStyle = Automatic;
						SystemCapabilities = {
							com.apple.Sandbox = {
								enabled = 1;
							};
						};
					};
				};
			};
			buildConfigurationList = 1B093A521CF63E1A001B8500 /* Build configuration list for PBXProject "TimeFree" */;
			compatibilityVersion = "Xcode 3.2";
			developmentRegion = English;
			hasScannedForEncodings = 0;
			knownRegions = (
				en,
				Base,
			);
			mainGroup = 1B093A4E1CF63E1A001B8500;
			productRefGroup = 1B093A581CF63E1A001B8500 /* Products */;
			projectDirPath = "";
			projectRoot = "";
			targets = (
				1B093A561CF63E1A001B8500 /* TimeFree */,
			);
		};
/* End PBXProject section */

/* Begin PBXResourcesBuildPhase section */
		1B093A551CF63E1A001B8500 /* Resources */ = {
			isa = PBXResourcesBuildPhase;
			buildActionMask = 2147483647;
			files = (
				1B093A5F1CF63E1A001B8500 /* Assets.xcassets in Resources */,
				1B093A621CF63E1A001B8500 /* Main.storyboard in Resources */,
			);
			runOnlyForDeploymentPostprocessing = 0;
		};
/* End PBXResourcesBuildPhase section */

/* Begin PBXSourcesBuildPhase section */
		1B093A531CF63E1A001B8500 /* Sources */ = {
			isa = PBXSourcesBuildPhase;
			buildActionMask = 2147483647;
			files = (
				1B90022B1CF81D86004462CF /* TimeCounter.swift in Sources */,
				1B927F461D5E3D5E00C7F69B /* GeneralPreferencesViewController.swift in Sources */,
				1B5A3F171D637453009752A6 /* ServicesManager.swift in Sources */,
				1B2567F11CF6F59E005D909C /* PowerService.swift in Sources */,
				1BE5BC0A1D3CF10400C7DA46 /* NotificationManager.swift in Sources */,
				1BFB8A111D622D6D00C8AAC8 /* VirtualMouse.m in Sources */,
				1B2567F31CF71862005D909C /* Preferences.swift in Sources */,
				1B2567F71CF7343F005D909C /* MouseService.swift in Sources */,
				1B093A5B1CF63E1A001B8500 /* AppDelegate.swift in Sources */,
				1B2672CB1D5E4ED700A92DC5 /* MousePreferencesViewController.swift in Sources */,
				1BFB8A151D62450600C8AAC8 /* PreferencesTabViewController.swift in Sources */,
				1B5A3F151D634DC6009752A6 /* EventTracker.swift in Sources */,
			);
			runOnlyForDeploymentPostprocessing = 0;
		};
/* End PBXSourcesBuildPhase section */

/* Begin PBXVariantGroup section */
		1B093A601CF63E1A001B8500 /* Main.storyboard */ = {
			isa = PBXVariantGroup;
			children = (
				1B093A611CF63E1A001B8500 /* Base */,
			);
			name = Main.storyboard;
			sourceTree = "<group>";
		};
/* End PBXVariantGroup section */

/* Begin XCBuildConfiguration section */
		1B093A641CF63E1A001B8500 /* Debug */ = {
			isa = XCBuildConfiguration;
			buildSettings = {
				ALWAYS_SEARCH_USER_PATHS = NO;
				CLANG_ANALYZER_NONNULL = YES;
				CLANG_CXX_LANGUAGE_STANDARD = "gnu++0x";
				CLANG_CXX_LIBRARY = "libc++";
				CLANG_ENABLE_MODULES = YES;
				CLANG_ENABLE_OBJC_ARC = YES;
				CLANG_WARN_BOOL_CONVERSION = YES;
				CLANG_WARN_CONSTANT_CONVERSION = YES;
				CLANG_WARN_DIRECT_OBJC_ISA_USAGE = YES_ERROR;
				CLANG_WARN_EMPTY_BODY = YES;
				CLANG_WARN_ENUM_CONVERSION = YES;
				CLANG_WARN_INT_CONVERSION = YES;
				CLANG_WARN_OBJC_ROOT_CLASS = YES_ERROR;
				CLANG_WARN_UNREACHABLE_CODE = YES;
				CLANG_WARN__DUPLICATE_METHOD_MATCH = YES;
				CODE_SIGN_IDENTITY = "Mac Developer";
				COPY_PHASE_STRIP = NO;
				DEBUG_INFORMATION_FORMAT = dwarf;
				ENABLE_STRICT_OBJC_MSGSEND = YES;
				ENABLE_TESTABILITY = YES;
				GCC_C_LANGUAGE_STANDARD = gnu99;
				GCC_DYNAMIC_NO_PIC = NO;
				GCC_NO_COMMON_BLOCKS = YES;
				GCC_OPTIMIZATION_LEVEL = 0;
				GCC_PREPROCESSOR_DEFINITIONS = (
					"DEBUG=1",
					"$(inherited)",
				);
				GCC_WARN_64_TO_32_BIT_CONVERSION = YES;
				GCC_WARN_ABOUT_RETURN_TYPE = YES_ERROR;
				GCC_WARN_UNDECLARED_SELECTOR = YES;
				GCC_WARN_UNINITIALIZED_AUTOS = YES_AGGRESSIVE;
				GCC_WARN_UNUSED_FUNCTION = YES;
				GCC_WARN_UNUSED_VARIABLE = YES;
				MACOSX_DEPLOYMENT_TARGET = 10.11;
				MTL_ENABLE_DEBUG_INFO = YES;
				ONLY_ACTIVE_ARCH = YES;
				SDKROOT = macosx;
				SWIFT_OPTIMIZATION_LEVEL = "-Onone";
			};
			name = Debug;
		};
		1B093A651CF63E1A001B8500 /* Release */ = {
			isa = XCBuildConfiguration;
			buildSettings = {
				ALWAYS_SEARCH_USER_PATHS = NO;
				CLANG_ANALYZER_NONNULL = YES;
				CLANG_CXX_LANGUAGE_STANDARD = "gnu++0x";
				CLANG_CXX_LIBRARY = "libc++";
				CLANG_ENABLE_MODULES = YES;
				CLANG_ENABLE_OBJC_ARC = YES;
				CLANG_WARN_BOOL_CONVERSION = YES;
				CLANG_WARN_CONSTANT_CONVERSION = YES;
				CLANG_WARN_DIRECT_OBJC_ISA_USAGE = YES_ERROR;
				CLANG_WARN_EMPTY_BODY = YES;
				CLANG_WARN_ENUM_CONVERSION = YES;
				CLANG_WARN_INT_CONVERSION = YES;
				CLANG_WARN_OBJC_ROOT_CLASS = YES_ERROR;
				CLANG_WARN_UNREACHABLE_CODE = YES;
				CLANG_WARN__DUPLICATE_METHOD_MATCH = YES;
				CODE_SIGN_IDENTITY = "Mac Developer";
				COPY_PHASE_STRIP = NO;
				DEBUG_INFORMATION_FORMAT = "dwarf-with-dsym";
				ENABLE_NS_ASSERTIONS = NO;
				ENABLE_STRICT_OBJC_MSGSEND = YES;
				GCC_C_LANGUAGE_STANDARD = gnu99;
				GCC_NO_COMMON_BLOCKS = YES;
				GCC_WARN_64_TO_32_BIT_CONVERSION = YES;
				GCC_WARN_ABOUT_RETURN_TYPE = YES_ERROR;
				GCC_WARN_UNDECLARED_SELECTOR = YES;
				GCC_WARN_UNINITIALIZED_AUTOS = YES_AGGRESSIVE;
				GCC_WARN_UNUSED_FUNCTION = YES;
				GCC_WARN_UNUSED_VARIABLE = YES;
				MACOSX_DEPLOYMENT_TARGET = 10.11;
				MTL_ENABLE_DEBUG_INFO = NO;
				SDKROOT = macosx;
			};
			name = Release;
		};
		1B093A671CF63E1A001B8500 /* Debug */ = {
			isa = XCBuildConfiguration;
			buildSettings = {
				ASSETCATALOG_COMPILER_APPICON_NAME = AppIcon;
				CLANG_ENABLE_MODULES = YES;
				CODE_SIGN_ENTITLEMENTS = TimeFree/TimeFree.entitlements;
				CODE_SIGN_IDENTITY = "Mac Developer";
				COMBINE_HIDPI_IMAGES = YES;
				DEVELOPMENT_TEAM = PVDZWY67J6;
				INFOPLIST_FILE = TimeFree/Info.plist;
				LD_RUNPATH_SEARCH_PATHS = "$(inherited) @executable_path/../Frameworks";
				PRODUCT_BUNDLE_IDENTIFIER = com.qarea.timefree;
				PRODUCT_NAME = "$(TARGET_NAME)";
				PROVISIONING_PROFILE = "";
				PROVISIONING_PROFILE_SPECIFIER = "";
				SWIFT_OBJC_BRIDGING_HEADER = "TimeFree/TimeFree-Bridging-Header.h";
				SWIFT_OPTIMIZATION_LEVEL = "-Onone";
				SWIFT_VERSION = 3.0;
			};
			name = Debug;
		};
		1B093A681CF63E1A001B8500 /* Release */ = {
			isa = XCBuildConfiguration;
			buildSettings = {
				ASSETCATALOG_COMPILER_APPICON_NAME = AppIcon;
				CLANG_ENABLE_MODULES = YES;
				CODE_SIGN_ENTITLEMENTS = TimeFree/TimeFree.entitlements;
				CODE_SIGN_IDENTITY = "Mac Developer";
				COMBINE_HIDPI_IMAGES = YES;
				DEVELOPMENT_TEAM = PVDZWY67J6;
				INFOPLIST_FILE = TimeFree/Info.plist;
				LD_RUNPATH_SEARCH_PATHS = "$(inherited) @executable_path/../Frameworks";
				PRODUCT_BUNDLE_IDENTIFIER = com.qarea.timefree;
				PRODUCT_NAME = "$(TARGET_NAME)";
				PROVISIONING_PROFILE = "";
				PROVISIONING_PROFILE_SPECIFIER = "";
				SWIFT_OBJC_BRIDGING_HEADER = "TimeFree/TimeFree-Bridging-Header.h";
				SWIFT_OPTIMIZATION_LEVEL = "-Owholemodule";
				SWIFT_VERSION = 3.0;
			};
			name = Release;
		};
/* End XCBuildConfiguration section */

/* Begin XCConfigurationList section */
		1B093A521CF63E1A001B8500 /* Build configuration list for PBXProject "TimeFree" */ = {
			isa = XCConfigurationList;
			buildConfigurations = (
				1B093A641CF63E1A001B8500 /* Debug */,
				1B093A651CF63E1A001B8500 /* Release */,
			);
			defaultConfigurationIsVisible = 0;
			defaultConfigurationName = Release;
		};
		1B093A661CF63E1A001B8500 /* Build configuration list for PBXNativeTarget "TimeFree" */ = {
			isa = XCConfigurationList;
			buildConfigurations = (
				1B093A671CF63E1A001B8500 /* Debug */,
				1B093A681CF63E1A001B8500 /* Release */,
			);
			defaultConfigurationIsVisible = 0;
			defaultConfigurationName = Release;
		};
/* End XCConfigurationList section */
	};
	rootObject = 1B093A4F1CF63E1A001B8500 /* Project object */;
}
